
Microsoft Visual Studio Solution File, Format Version 12.00
# Visual Studio 2012
Project("{FAE04EC0-301F-11D3-BF4B-00C04F79EFBC}") = "week3 codeChallenge", "week3 codeChallenge.csproj", "{B4AC6B5F-41A5-41CC-8D1D-A8A41135ADD0}"
EndProject
Global
	GlobalSection(SolutionConfigurationPlatforms) = preSolution
		Debug|Any CPU = Debug|Any CPU
		Release|Any CPU = Release|Any CPU
	EndGlobalSection
	GlobalSection(ProjectConfigurationPlatforms) = postSolution
		{B4AC6B5F-41A5-41CC-8D1D-A8A41135ADD0}.Debug|Any CPU.ActiveCfg = Debug|Any CPU
		{B4AC6B5F-41A5-41CC-8D1D-A8A41135ADD0}.Debug|Any CPU.Build.0 = Debug|Any CPU
		{B4AC6B5F-41A5-41CC-8D1D-A8A41135ADD0}.Release|Any CPU.ActiveCfg = Release|Any CPU
		{B4AC6B5F-41A5-41CC-8D1D-A8A41135ADD0}.Release|Any CPU.Build.0 = Release|Any CPU
	EndGlobalSection
	GlobalSection(SolutionProperties) = preSolution
		HideSolutionNode = FALSE
	EndGlobalSection
EndGlobal
